
Microsoft Visual Studio Solution File, Format Version 12.00
# Visual Studio Version 16
VisualStudioVersion = 16.0.31911.196
MinimumVisualStudioVersion = 10.0.40219.1
Project("{FAE04EC0-301F-11D3-BF4B-00C04F79EFBC}") = "CornerstoneAppartments", "CornerstoneAppartments\CornerstoneAppartments.csproj", "{C801E94A-FFD7-42AA-8D81-671FB9CF5A2D}"
EndProject
Global
	GlobalSection(SolutionConfigurationPlatforms) = preSolution
		Debug|Any CPU = Debug|Any CPU
		Release|Any CPU = Release|Any CPU
	EndGlobalSection
	GlobalSection(ProjectConfigurationPlatforms) = postSolution
		{C801E94A-FFD7-42AA-8D81-671FB9CF5A2D}.Debug|Any CPU.ActiveCfg = Debug|Any CPU
		{C801E94A-FFD7-42AA-8D81-671FB9CF5A2D}.Debug|Any CPU.Build.0 = Debug|Any CPU
		{C801E94A-FFD7-42AA-8D81-671FB9CF5A2D}.Release|Any CPU.ActiveCfg = Release|Any CPU
		{C801E94A-FFD7-42AA-8D81-671FB9CF5A2D}.Release|Any CPU.Build.0 = Release|Any CPU
	EndGlobalSection
	GlobalSection(SolutionProperties) = preSolution
		HideSolutionNode = FALSE
	EndGlobalSection
	GlobalSection(ExtensibilityGlobals) = postSolution
		SolutionGuid = {8B618CF7-61EB-474F-A77C-359F3388530C}
	EndGlobalSection
EndGlobal
